
Microsoft Visual Studio Solution File, Format Version 12.00
# Visual Studio Version 16
VisualStudioVersion = 16.0.30225.117
MinimumVisualStudioVersion = 10.0.40219.1
Project("{FAE04EC0-301F-11D3-BF4B-00C04F79EFBC}") = "CollegeManagement", "CollegeManagement\CollegeManagement.csproj", "{F5B3343A-BAD6-4A80-A9CD-AA3685B92592}"
EndProject
Global
	GlobalSection(SolutionConfigurationPlatforms) = preSolution
		Debug|Any CPU = Debug|Any CPU
		Release|Any CPU = Release|Any CPU
	EndGlobalSection
	GlobalSection(ProjectConfigurationPlatforms) = postSolution
		{F5B3343A-BAD6-4A80-A9CD-AA3685B92592}.Debug|Any CPU.ActiveCfg = Debug|Any CPU
		{F5B3343A-BAD6-4A80-A9CD-AA3685B92592}.Debug|Any CPU.Build.0 = Debug|Any CPU
		{F5B3343A-BAD6-4A80-A9CD-AA3685B92592}.Release|Any CPU.ActiveCfg = Release|Any CPU
		{F5B3343A-BAD6-4A80-A9CD-AA3685B92592}.Release|Any CPU.Build.0 = Release|Any CPU
	EndGlobalSection
	GlobalSection(SolutionProperties) = preSolution
		HideSolutionNode = FALSE
	EndGlobalSection
	GlobalSection(ExtensibilityGlobals) = postSolution
		SolutionGuid = {732FD2D2-E16A-4915-9212-A7D49E33EACA}
	EndGlobalSection
EndGlobal
